// !$*UTF8*$!
{
	archiveVersion = 1;
	classes = {
	};
	objectVersion = 51;
	objects = {

/* Begin PBXBuildFile section */
		1CBC628151CE4BB9485BED68 /* Pods_Parstagram_ParstagramUITests.framework in Frameworks */ = {isa = PBXBuildFile; fileRef = 77FD43132BC213896E750C99 /* Pods_Parstagram_ParstagramUITests.framework */; };
		6706AB616FC6D422D06DBEC3 /* Pods_Parstagram.framework in Frameworks */ = {isa = PBXBuildFile; fileRef = 9BCF6AD7397B6B981D4FEB71 /* Pods_Parstagram.framework */; };
		DA311DD7237A394C00C5733F /* AppDelegate.swift in Sources */ = {isa = PBXBuildFile; fileRef = DA311DD6237A394C00C5733F /* AppDelegate.swift */; };
		DA311DD9237A394C00C5733F /* SceneDelegate.swift in Sources */ = {isa = PBXBuildFile; fileRef = DA311DD8237A394C00C5733F /* SceneDelegate.swift */; };
		DA311DDE237A394C00C5733F /* Main.storyboard in Resources */ = {isa = PBXBuildFile; fileRef = DA311DDC237A394C00C5733F /* Main.storyboard */; };
		DA311DE0237A394F00C5733F /* Assets.xcassets in Resources */ = {isa = PBXBuildFile; fileRef = DA311DDF237A394F00C5733F /* Assets.xcassets */; };
		DA311DE3237A394F00C5733F /* LaunchScreen.storyboard in Resources */ = {isa = PBXBuildFile; fileRef = DA311DE1237A394F00C5733F /* LaunchScreen.storyboard */; };
		DA311DEE237A394F00C5733F /* ParstagramTests.swift in Sources */ = {isa = PBXBuildFile; fileRef = DA311DED237A394F00C5733F /* ParstagramTests.swift */; };
		DA311DF9237A394F00C5733F /* ParstagramUITests.swift in Sources */ = {isa = PBXBuildFile; fileRef = DA311DF8237A394F00C5733F /* ParstagramUITests.swift */; };
		DAF9CA4C237A3F8900DB4AE8 /* FeedViewController.swift in Sources */ = {isa = PBXBuildFile; fileRef = DAF9CA4B237A3F8900DB4AE8 /* FeedViewController.swift */; };
		DAF9CA4E237A3FAF00DB4AE8 /* LoginViewController.swift in Sources */ = {isa = PBXBuildFile; fileRef = DAF9CA4D237A3FAF00DB4AE8 /* LoginViewController.swift */; };
		DAF9CA50237CF6A400DB4AE8 /* CameraViewController.swift in Sources */ = {isa = PBXBuildFile; fileRef = DAF9CA4F237CF6A400DB4AE8 /* CameraViewController.swift */; };
		DAF9CA52237D009F00DB4AE8 /* PostCell.swift in Sources */ = {isa = PBXBuildFile; fileRef = DAF9CA51237D009F00DB4AE8 /* PostCell.swift */; };
		E31DE60DD4FB292142DF0961 /* Pods_ParstagramTests.framework in Frameworks */ = {isa = PBXBuildFile; fileRef = E6A95F507CA5B8777C3EB681 /* Pods_ParstagramTests.framework */; };
/* End PBXBuildFile section */

/* Begin PBXContainerItemProxy section */
		DA311DEA237A394F00C5733F /* PBXContainerItemProxy */ = {
			isa = PBXContainerItemProxy;
			containerPortal = DA311DCB237A394C00C5733F /* Project object */;
			proxyType = 1;
			remoteGlobalIDString = DA311DD2237A394C00C5733F;
			remoteInfo = Parstagram;
		};
		DA311DF5237A394F00C5733F /* PBXContainerItemProxy */ = {
			isa = PBXContainerItemProxy;
			containerPortal = DA311DCB237A394C00C5733F /* Project object */;
			proxyType = 1;
			remoteGlobalIDString = DA311DD2237A394C00C5733F;
			remoteInfo = Parstagram;
		};
/* End PBXContainerItemProxy section */

/* Begin PBXFileReference section */
		064ECC30561A931796C1B57C /* Pods-ParstagramTests.release.xcconfig */ = {isa = PBXFileReference; includeInIndex = 1; lastKnownFileType = text.xcconfig; name = "Pods-ParstagramTests.release.xcconfig"; path = "Target Support Files/Pods-ParstagramTests/Pods-ParstagramTests.release.xcconfig"; sourceTree = "<group>"; };
		1F495B3ADE4C7FCD7B1C2AC4 /* Pods-Parstagram-ParstagramUITests.release.xcconfig */ = {isa = PBXFileReference; includeInIndex = 1; lastKnownFileType = text.xcconfig; name = "Pods-Parstagram-ParstagramUITests.release.xcconfig"; path = "Target Support Files/Pods-Parstagram-ParstagramUITests/Pods-Parstagram-ParstagramUITests.release.xcconfig"; sourceTree = "<group>"; };
		59F5BAAED89A3D831F40452D /* Pods-Parstagram-ParstagramUITests.debug.xcconfig */ = {isa = PBXFileReference; includeInIndex = 1; lastKnownFileType = text.xcconfig; name = "Pods-Parstagram-ParstagramUITests.debug.xcconfig"; path = "Target Support Files/Pods-Parstagram-ParstagramUITests/Pods-Parstagram-ParstagramUITests.debug.xcconfig"; sourceTree = "<group>"; };
		77FD43132BC213896E750C99 /* Pods_Parstagram_ParstagramUITests.framework */ = {isa = PBXFileReference; explicitFileType = wrapper.framework; includeInIndex = 0; path = Pods_Parstagram_ParstagramUITests.framework; sourceTree = BUILT_PRODUCTS_DIR; };
		9BCF6AD7397B6B981D4FEB71 /* Pods_Parstagram.framework */ = {isa = PBXFileReference; explicitFileType = wrapper.framework; includeInIndex = 0; path = Pods_Parstagram.framework; sourceTree = BUILT_PRODUCTS_DIR; };
		9E4EFFC101AD64C906FA865A /* Pods-Parstagram.debug.xcconfig */ = {isa = PBXFileReference; includeInIndex = 1; lastKnownFileType = text.xcconfig; name = "Pods-Parstagram.debug.xcconfig"; path = "Target Support Files/Pods-Parstagram/Pods-Parstagram.debug.xcconfig"; sourceTree = "<group>"; };
		CAD23BCEB518D502347F5C6A /* Pods-Parstagram.release.xcconfig */ = {isa = PBXFileReference; includeInIndex = 1; lastKnownFileType = text.xcconfig; name = "Pods-Parstagram.release.xcconfig"; path = "Target Support Files/Pods-Parstagram/Pods-Parstagram.release.xcconfig"; sourceTree = "<group>"; };
		DA311DD3237A394C00C5733F /* Parstagram.app */ = {isa = PBXFileReference; explicitFileType = wrapper.application; includeInIndex = 0; path = Parstagram.app; sourceTree = BUILT_PRODUCTS_DIR; };
		DA311DD6237A394C00C5733F /* AppDelegate.swift */ = {isa = PBXFileReference; lastKnownFileType = sourcecode.swift; path = AppDelegate.swift; sourceTree = "<group>"; };
		DA311DD8237A394C00C5733F /* SceneDelegate.swift */ = {isa = PBXFileReference; lastKnownFileType = sourcecode.swift; path = SceneDelegate.swift; sourceTree = "<group>"; };
		DA311DDD237A394C00C5733F /* Base */ = {isa = PBXFileReference; lastKnownFileType = file.storyboard; name = Base; path = Base.lproj/Main.storyboard; sourceTree = "<group>"; };
		DA311DDF237A394F00C5733F /* Assets.xcassets */ = {isa = PBXFileReference; lastKnownFileType = folder.assetcatalog; path = Assets.xcassets; sourceTree = "<group>"; };
		DA311DE2237A394F00C5733F /* Base */ = {isa = PBXFileReference; lastKnownFileType = file.storyboard; name = Base; path = Base.lproj/LaunchScreen.storyboard; sourceTree = "<group>"; };
		DA311DE4237A394F00C5733F /* Info.plist */ = {isa = PBXFileReference; lastKnownFileType = text.plist.xml; path = Info.plist; sourceTree = "<group>"; };
		DA311DE9237A394F00C5733F /* ParstagramTests.xctest */ = {isa = PBXFileReference; explicitFileType = wrapper.cfbundle; includeInIndex = 0; path = ParstagramTests.xctest; sourceTree = BUILT_PRODUCTS_DIR; };
		DA311DED237A394F00C5733F /* ParstagramTests.swift */ = {isa = PBXFileReference; lastKnownFileType = sourcecode.swift; path = ParstagramTests.swift; sourceTree = "<group>"; };
		DA311DEF237A394F00C5733F /* Info.plist */ = {isa = PBXFileReference; lastKnownFileType = text.plist.xml; path = Info.plist; sourceTree = "<group>"; };
		DA311DF4237A394F00C5733F /* ParstagramUITests.xctest */ = {isa = PBXFileReference; explicitFileType = wrapper.cfbundle; includeInIndex = 0; path = ParstagramUITests.xctest; sourceTree = BUILT_PRODUCTS_DIR; };
		DA311DF8237A394F00C5733F /* ParstagramUITests.swift */ = {isa = PBXFileReference; lastKnownFileType = sourcecode.swift; path = ParstagramUITests.swift; sourceTree = "<group>"; };
		DA311DFA237A394F00C5733F /* Info.plist */ = {isa = PBXFileReference; lastKnownFileType = text.plist.xml; path = Info.plist; sourceTree = "<group>"; };
		DAF9CA4B237A3F8900DB4AE8 /* FeedViewController.swift */ = {isa = PBXFileReference; lastKnownFileType = sourcecode.swift; path = FeedViewController.swift; sourceTree = "<group>"; };
		DAF9CA4D237A3FAF00DB4AE8 /* LoginViewController.swift */ = {isa = PBXFileReference; lastKnownFileType = sourcecode.swift; path = LoginViewController.swift; sourceTree = "<group>"; };
		DAF9CA4F237CF6A400DB4AE8 /* CameraViewController.swift */ = {isa = PBXFileReference; lastKnownFileType = sourcecode.swift; path = CameraViewController.swift; sourceTree = "<group>"; };
		DAF9CA51237D009F00DB4AE8 /* PostCell.swift */ = {isa = PBXFileReference; lastKnownFileType = sourcecode.swift; path = PostCell.swift; sourceTree = "<group>"; };
		E171926E3AB3E68A1F3A11C0 /* Pods-ParstagramTests.debug.xcconfig */ = {isa = PBXFileReference; includeInIndex = 1; lastKnownFileType = text.xcconfig; name = "Pods-ParstagramTests.debug.xcconfig"; path = "Target Support Files/Pods-ParstagramTests/Pods-ParstagramTests.debug.xcconfig"; sourceTree = "<group>"; };
		E6A95F507CA5B8777C3EB681 /* Pods_ParstagramTests.framework */ = {isa = PBXFileReference; explicitFileType = wrapper.framework; includeInIndex = 0; path = Pods_ParstagramTests.framework; sourceTree = BUILT_PRODUCTS_DIR; };
/* End PBXFileReference section */

/* Begin PBXFrameworksBuildPhase section */
		DA311DD0237A394C00C5733F /* Frameworks */ = {
			isa = PBXFrameworksBuildPhase;
			buildActionMask = 2147483647;
			files = (
				6706AB616FC6D422D06DBEC3 /* Pods_Parstagram.framework in Frameworks */,
			);
			runOnlyForDeploymentPostprocessing = 0;
		};
		DA311DE6237A394F00C5733F /* Frameworks */ = {
			isa = PBXFrameworksBuildPhase;
			buildActionMask = 2147483647;
			files = (
				E31DE60DD4FB292142DF0961 /* Pods_ParstagramTests.framework in Frameworks */,
			);
			runOnlyForDeploymentPostprocessing = 0;
		};
		DA311DF1237A394F00C5733F /* Frameworks */ = {
			isa = PBXFrameworksBuildPhase;
			buildActionMask = 2147483647;
			files = (
				1CBC628151CE4BB9485BED68 /* Pods_Parstagram_ParstagramUITests.framework in Frameworks */,
			);
			runOnlyForDeploymentPostprocessing = 0;
		};
/* End PBXFrameworksBuildPhase section */

/* Begin PBXGroup section */
		00A72DB1649013CB3E8F3A58 /* Frameworks */ = {
			isa = PBXGroup;
			children = (
				9BCF6AD7397B6B981D4FEB71 /* Pods_Parstagram.framework */,
				77FD43132BC213896E750C99 /* Pods_Parstagram_ParstagramUITests.framework */,
				E6A95F507CA5B8777C3EB681 /* Pods_ParstagramTests.framework */,
			);
			name = Frameworks;
			sourceTree = "<group>";
		};
		6F81CF2C44F7AFC38E203A70 /* Pods */ = {
			isa = PBXGroup;
			children = (
				9E4EFFC101AD64C906FA865A /* Pods-Parstagram.debug.xcconfig */,
				CAD23BCEB518D502347F5C6A /* Pods-Parstagram.release.xcconfig */,
				59F5BAAED89A3D831F40452D /* Pods-Parstagram-ParstagramUITests.debug.xcconfig */,
				1F495B3ADE4C7FCD7B1C2AC4 /* Pods-Parstagram-ParstagramUITests.release.xcconfig */,
				E171926E3AB3E68A1F3A11C0 /* Pods-ParstagramTests.debug.xcconfig */,
				064ECC30561A931796C1B57C /* Pods-ParstagramTests.release.xcconfig */,
			);
			path = Pods;
			sourceTree = "<group>";
		};
		DA311DCA237A394C00C5733F = {
			isa = PBXGroup;
			children = (
				DA311DD5237A394C00C5733F /* Parstagram */,
				DA311DEC237A394F00C5733F /* ParstagramTests */,
				DA311DF7237A394F00C5733F /* ParstagramUITests */,
				DA311DD4237A394C00C5733F /* Products */,
				6F81CF2C44F7AFC38E203A70 /* Pods */,
				00A72DB1649013CB3E8F3A58 /* Frameworks */,
			);
			sourceTree = "<group>";
		};
		DA311DD4237A394C00C5733F /* Products */ = {
			isa = PBXGroup;
			children = (
				DA311DD3237A394C00C5733F /* Parstagram.app */,
				DA311DE9237A394F00C5733F /* ParstagramTests.xctest */,
				DA311DF4237A394F00C5733F /* ParstagramUITests.xctest */,
			);
			name = Products;
			sourceTree = "<group>";
		};
		DA311DD5237A394C00C5733F /* Parstagram */ = {
			isa = PBXGroup;
			children = (
				DA311DD6237A394C00C5733F /* AppDelegate.swift */,
				DA311DD8237A394C00C5733F /* SceneDelegate.swift */,
				DA311DDC237A394C00C5733F /* Main.storyboard */,
				DA311DDF237A394F00C5733F /* Assets.xcassets */,
				DA311DE1237A394F00C5733F /* LaunchScreen.storyboard */,
				DA311DE4237A394F00C5733F /* Info.plist */,
				DAF9CA4B237A3F8900DB4AE8 /* FeedViewController.swift */,
				DAF9CA4D237A3FAF00DB4AE8 /* LoginViewController.swift */,
				DAF9CA4F237CF6A400DB4AE8 /* CameraViewController.swift */,
				DAF9CA51237D009F00DB4AE8 /* PostCell.swift */,
			);
			path = Parstagram;
			sourceTree = "<group>";
		};
		DA311DEC237A394F00C5733F /* ParstagramTests */ = {
			isa = PBXGroup;
			children = (
				DA311DED237A394F00C5733F /* ParstagramTests.swift */,
				DA311DEF237A394F00C5733F /* Info.plist */,
			);
			path = ParstagramTests;
			sourceTree = "<group>";
		};
		DA311DF7237A394F00C5733F /* ParstagramUITests */ = {
			isa = PBXGroup;
			children = (
				DA311DF8237A394F00C5733F /* ParstagramUITests.swift */,
				DA311DFA237A394F00C5733F /* Info.plist */,
			);
			path = ParstagramUITests;
			sourceTree = "<group>";
		};
/* End PBXGroup section */

/* Begin PBXNativeTarget section */
		DA311DD2237A394C00C5733F /* Parstagram */ = {
			isa = PBXNativeTarget;
			buildConfigurationList = DA311DFD237A394F00C5733F /* Build configuration list for PBXNativeTarget "Parstagram" */;
			buildPhases = (
				602C34810666A945104AFDD2 /* [CP] Check Pods Manifest.lock */,
				DA311DCF237A394C00C5733F /* Sources */,
				DA311DD0237A394C00C5733F /* Frameworks */,
				DA311DD1237A394C00C5733F /* Resources */,
				F19E00AAF2647A28C4FDF38B /* [CP] Embed Pods Frameworks */,
			);
			buildRules = (
			);
			dependencies = (
			);
			name = Parstagram;
			productName = Parstagram;
			productReference = DA311DD3237A394C00C5733F /* Parstagram.app */;
			productType = "com.apple.product-type.application";
		};
		DA311DE8237A394F00C5733F /* ParstagramTests */ = {
			isa = PBXNativeTarget;
			buildConfigurationList = DA311E00237A394F00C5733F /* Build configuration list for PBXNativeTarget "ParstagramTests" */;
			buildPhases = (
				903C131BEB889F2A052A1468 /* [CP] Check Pods Manifest.lock */,
				DA311DE5237A394F00C5733F /* Sources */,
				DA311DE6237A394F00C5733F /* Frameworks */,
				DA311DE7237A394F00C5733F /* Resources */,
			);
			buildRules = (
			);
			dependencies = (
				DA311DEB237A394F00C5733F /* PBXTargetDependency */,
			);
			name = ParstagramTests;
			productName = ParstagramTests;
			productReference = DA311DE9237A394F00C5733F /* ParstagramTests.xctest */;
			productType = "com.apple.product-type.bundle.unit-test";
		};
		DA311DF3237A394F00C5733F /* ParstagramUITests */ = {
			isa = PBXNativeTarget;
			buildConfigurationList = DA311E03237A394F00C5733F /* Build configuration list for PBXNativeTarget "ParstagramUITests" */;
			buildPhases = (
				305F8E0B4B4A645B91063680 /* [CP] Check Pods Manifest.lock */,
				DA311DF0237A394F00C5733F /* Sources */,
				DA311DF1237A394F00C5733F /* Frameworks */,
				DA311DF2237A394F00C5733F /* Resources */,
				5C0CB4607C980DF7C4CF3DDD /* [CP] Embed Pods Frameworks */,
			);
			buildRules = (
			);
			dependencies = (
				DA311DF6237A394F00C5733F /* PBXTargetDependency */,
			);
			name = ParstagramUITests;
			productName = ParstagramUITests;
			productReference = DA311DF4237A394F00C5733F /* ParstagramUITests.xctest */;
			productType = "com.apple.product-type.bundle.ui-testing";
		};
/* End PBXNativeTarget section */

/* Begin PBXProject section */
		DA311DCB237A394C00C5733F /* Project object */ = {
			isa = PBXProject;
			attributes = {
				LastSwiftUpdateCheck = 1120;
				LastUpgradeCheck = 1120;
				ORGANIZATIONNAME = "Cow Juary";
				TargetAttributes = {
					DA311DD2237A394C00C5733F = {
						CreatedOnToolsVersion = 11.2;
					};
					DA311DE8237A394F00C5733F = {
						CreatedOnToolsVersion = 11.2;
						TestTargetID = DA311DD2237A394C00C5733F;
					};
					DA311DF3237A394F00C5733F = {
						CreatedOnToolsVersion = 11.2;
						TestTargetID = DA311DD2237A394C00C5733F;
					};
				};
			};
			buildConfigurationList = DA311DCE237A394C00C5733F /* Build configuration list for PBXProject "Parstagram" */;
			compatibilityVersion = "Xcode 9.3";
			developmentRegion = en;
			hasScannedForEncodings = 0;
			knownRegions = (
				en,
				Base,
			);
			mainGroup = DA311DCA237A394C00C5733F;
			productRefGroup = DA311DD4237A394C00C5733F /* Products */;
			projectDirPath = "";
			projectRoot = "";
			targets = (
				DA311DD2237A394C00C5733F /* Parstagram */,
				DA311DE8237A394F00C5733F /* ParstagramTests */,
				DA311DF3237A394F00C5733F /* ParstagramUITests */,
			);
		};
/* End PBXProject section */

/* Begin PBXResourcesBuildPhase section */
		DA311DD1237A394C00C5733F /* Resources */ = {
			isa = PBXResourcesBuildPhase;
			buildActionMask = 2147483647;
			files = (
				DA311DE3237A394F00C5733F /* LaunchScreen.storyboard in Resources */,
				DA311DE0237A394F00C5733F /* Assets.xcassets in Resources */,
				DA311DDE237A394C00C5733F /* Main.storyboard in Resources */,
			);
			runOnlyForDeploymentPostprocessing = 0;
		};
		DA311DE7237A394F00C5733F /* Resources */ = {
			isa = PBXResourcesBuildPhase;
			buildActionMask = 2147483647;
			files = (
			);
			runOnlyForDeploymentPostprocessing = 0;
		};
		DA311DF2237A394F00C5733F /* Resources */ = {
			isa = PBXResourcesBuildPhase;
			buildActionMask = 2147483647;
			files = (
			);
			runOnlyForDeploymentPostprocessing = 0;
		};
/* End PBXResourcesBuildPhase section */

/* Begin PBXShellScriptBuildPhase section */
		305F8E0B4B4A645B91063680 /* [CP] Check Pods Manifest.lock */ = {
			isa = PBXShellScriptBuildPhase;
			buildActionMask = 2147483647;
			files = (
			);
			inputFileListPaths = (
			);
			inputPaths = (
				"${PODS_PODFILE_DIR_PATH}/Podfile.lock",
				"${PODS_ROOT}/Manifest.lock",
			);
			name = "[CP] Check Pods Manifest.lock";
			outputFileListPaths = (
			);
			outputPaths = (
				"$(DERIVED_FILE_DIR)/Pods-Parstagram-ParstagramUITests-checkManifestLockResult.txt",
			);
			runOnlyForDeploymentPostprocessing = 0;
			shellPath = /bin/sh;
			shellScript = "diff \"${PODS_PODFILE_DIR_PATH}/Podfile.lock\" \"${PODS_ROOT}/Manifest.lock\" > /dev/null\nif [ $? != 0 ] ; then\n    # print error to STDERR\n    echo \"error: The sandbox is not in sync with the Podfile.lock. Run 'pod install' or update your CocoaPods installation.\" >&2\n    exit 1\nfi\n# This output is used by Xcode 'outputs' to avoid re-running this script phase.\necho \"SUCCESS\" > \"${SCRIPT_OUTPUT_FILE_0}\"\n";
			showEnvVarsInLog = 0;
		};
		5C0CB4607C980DF7C4CF3DDD /* [CP] Embed Pods Frameworks */ = {
			isa = PBXShellScriptBuildPhase;
			buildActionMask = 2147483647;
			files = (
			);
			inputFileListPaths = (
				"${PODS_ROOT}/Target Support Files/Pods-Parstagram-ParstagramUITests/Pods-Parstagram-ParstagramUITests-frameworks-${CONFIGURATION}-input-files.xcfilelist",
			);
			name = "[CP] Embed Pods Frameworks";
			outputFileListPaths = (
				"${PODS_ROOT}/Target Support Files/Pods-Parstagram-ParstagramUITests/Pods-Parstagram-ParstagramUITests-frameworks-${CONFIGURATION}-output-files.xcfilelist",
			);
			runOnlyForDeploymentPostprocessing = 0;
			shellPath = /bin/sh;
			shellScript = "\"${PODS_ROOT}/Target Support Files/Pods-Parstagram-ParstagramUITests/Pods-Parstagram-ParstagramUITests-frameworks.sh\"\n";
			showEnvVarsInLog = 0;
		};
		602C34810666A945104AFDD2 /* [CP] Check Pods Manifest.lock */ = {
			isa = PBXShellScriptBuildPhase;
			buildActionMask = 2147483647;
			files = (
			);
			inputFileListPaths = (
			);
			inputPaths = (
				"${PODS_PODFILE_DIR_PATH}/Podfile.lock",
				"${PODS_ROOT}/Manifest.lock",
			);
			name = "[CP] Check Pods Manifest.lock";
			outputFileListPaths = (
			);
			outputPaths = (
				"$(DERIVED_FILE_DIR)/Pods-Parstagram-checkManifestLockResult.txt",
			);
			runOnlyForDeploymentPostprocessing = 0;
			shellPath = /bin/sh;
			shellScript = "diff \"${PODS_PODFILE_DIR_PATH}/Podfile.lock\" \"${PODS_ROOT}/Manifest.lock\" > /dev/null\nif [ $? != 0 ] ; then\n    # print error to STDERR\n    echo \"error: The sandbox is not in sync with the Podfile.lock. Run 'pod install' or update your CocoaPods installation.\" >&2\n    exit 1\nfi\n# This output is used by Xcode 'outputs' to avoid re-running this script phase.\necho \"SUCCESS\" > \"${SCRIPT_OUTPUT_FILE_0}\"\n";
			showEnvVarsInLog = 0;
		};
		903C131BEB889F2A052A1468 /* [CP] Check Pods Manifest.lock */ = {
			isa = PBXShellScriptBuildPhase;
			buildActionMask = 2147483647;
			files = (
			);
			inputFileListPaths = (
			);
			inputPaths = (
				"${PODS_PODFILE_DIR_PATH}/Podfile.lock",
				"${PODS_ROOT}/Manifest.lock",
			);
			name = "[CP] Check Pods Manifest.lock";
			outputFileListPaths = (
			);
			outputPaths = (
				"$(DERIVED_FILE_DIR)/Pods-ParstagramTests-checkManifestLockResult.txt",
			);
			runOnlyForDeploymentPostprocessing = 0;
			shellPath = /bin/sh;
			shellScript = "diff \"${PODS_PODFILE_DIR_PATH}/Podfile.lock\" \"${PODS_ROOT}/Manifest.lock\" > /dev/null\nif [ $? != 0 ] ; then\n    # print error to STDERR\n    echo \"error: The sandbox is not in sync with the Podfile.lock. Run 'pod install' or update your CocoaPods installation.\" >&2\n    exit 1\nfi\n# This output is used by Xcode 'outputs' to avoid re-running this script phase.\necho \"SUCCESS\" > \"${SCRIPT_OUTPUT_FILE_0}\"\n";
			showEnvVarsInLog = 0;
		};
		F19E00AAF2647A28C4FDF38B /* [CP] Embed Pods Frameworks */ = {
			isa = PBXShellScriptBuildPhase;
			buildActionMask = 2147483647;
			files = (
			);
			inputFileListPaths = (
				"${PODS_ROOT}/Target Support Files/Pods-Parstagram/Pods-Parstagram-frameworks-${CONFIGURATION}-input-files.xcfilelist",
			);
			name = "[CP] Embed Pods Frameworks";
			outputFileListPaths = (
				"${PODS_ROOT}/Target Support Files/Pods-Parstagram/Pods-Parstagram-frameworks-${CONFIGURATION}-output-files.xcfilelist",
			);
			runOnlyForDeploymentPostprocessing = 0;
			shellPath = /bin/sh;
			shellScript = "\"${PODS_ROOT}/Target Support Files/Pods-Parstagram/Pods-Parstagram-frameworks.sh\"\n";
			showEnvVarsInLog = 0;
		};
/* End PBXShellScriptBuildPhase section */

/* Begin PBXSourcesBuildPhase section */
		DA311DCF237A394C00C5733F /* Sources */ = {
			isa = PBXSourcesBuildPhase;
			buildActionMask = 2147483647;
			files = (
				DA311DD7237A394C00C5733F /* AppDelegate.swift in Sources */,
				DAF9CA50237CF6A400DB4AE8 /* CameraViewController.swift in Sources */,
				DAF9CA4C237A3F8900DB4AE8 /* FeedViewController.swift in Sources */,
				DAF9CA4E237A3FAF00DB4AE8 /* LoginViewController.swift in Sources */,
				DA311DD9237A394C00C5733F /* SceneDelegate.swift in Sources */,
				DAF9CA52237D009F00DB4AE8 /* PostCell.swift in Sources */,
			);
			runOnlyForDeploymentPostprocessing = 0;
		};
		DA311DE5237A394F00C5733F /* Sources */ = {
			isa = PBXSourcesBuildPhase;
			buildActionMask = 2147483647;
			files = (
				DA311DEE237A394F00C5733F /* ParstagramTests.swift in Sources */,
			);
			runOnlyForDeploymentPostprocessing = 0;
		};
		DA311DF0237A394F00C5733F /* Sources */ = {
			isa = PBXSourcesBuildPhase;
			buildActionMask = 2147483647;
			files = (
				DA311DF9237A394F00C5733F /* ParstagramUITests.swift in Sources */,
			);
			runOnlyForDeploymentPostprocessing = 0;
		};
/* End PBXSourcesBuildPhase section */

/* Begin PBXTargetDependency section */
		DA311DEB237A394F00C5733F /* PBXTargetDependency */ = {
			isa = PBXTargetDependency;
			target = DA311DD2237A394C00C5733F /* Parstagram */;
			targetProxy = DA311DEA237A394F00C5733F /* PBXContainerItemProxy */;
		};
		DA311DF6237A394F00C5733F /* PBXTargetDependency */ = {
			isa = PBXTargetDependency;
			target = DA311DD2237A394C00C5733F /* Parstagram */;
			targetProxy = DA311DF5237A394F00C5733F /* PBXContainerItemProxy */;
		};
/* End PBXTargetDependency section */

/* Begin PBXVariantGroup section */
		DA311DDC237A394C00C5733F /* Main.storyboard */ = {
			isa = PBXVariantGroup;
			children = (
				DA311DDD237A394C00C5733F /* Base */,
			);
			name = Main.storyboard;
			sourceTree = "<group>";
		};
		DA311DE1237A394F00C5733F /* LaunchScreen.storyboard */ = {
			isa = PBXVariantGroup;
			children = (
				DA311DE2237A394F00C5733F /* Base */,
			);
			name = LaunchScreen.storyboard;
			sourceTree = "<group>";
		};
/* End PBXVariantGroup section */

/* Begin XCBuildConfiguration section */
		DA311DFB237A394F00C5733F /* Debug */ = {
			isa = XCBuildConfiguration;
			buildSettings = {
				ALWAYS_SEARCH_USER_PATHS = NO;
				CLANG_ANALYZER_NONNULL = YES;
				CLANG_ANALYZER_NUMBER_OBJECT_CONVERSION = YES_AGGRESSIVE;
				CLANG_CXX_LANGUAGE_STANDARD = "gnu++14";
				CLANG_CXX_LIBRARY = "libc++";
				CLANG_ENABLE_MODULES = YES;
				CLANG_ENABLE_OBJC_ARC = YES;
				CLANG_ENABLE_OBJC_WEAK = YES;
				CLANG_WARN_BLOCK_CAPTURE_AUTORELEASING = YES;
				CLANG_WARN_BOOL_CONVERSION = YES;
				CLANG_WARN_COMMA = YES;
				CLANG_WARN_CONSTANT_CONVERSION = YES;
				CLANG_WARN_DEPRECATED_OBJC_IMPLEMENTATIONS = YES;
				CLANG_WARN_DIRECT_OBJC_ISA_USAGE = YES_ERROR;
				CLANG_WARN_DOCUMENTATION_COMMENTS = YES;
				CLANG_WARN_EMPTY_BODY = YES;
				CLANG_WARN_ENUM_CONVERSION = YES;
				CLANG_WARN_INFINITE_RECURSION = YES;
				CLANG_WARN_INT_CONVERSION = YES;
				CLANG_WARN_NON_LITERAL_NULL_CONVERSION = YES;
				CLANG_WARN_OBJC_IMPLICIT_RETAIN_SELF = YES;
				CLANG_WARN_OBJC_LITERAL_CONVERSION = YES;
				CLANG_WARN_OBJC_ROOT_CLASS = YES_ERROR;
				CLANG_WARN_RANGE_LOOP_ANALYSIS = YES;
				CLANG_WARN_STRICT_PROTOTYPES = YES;
				CLANG_WARN_SUSPICIOUS_MOVE = YES;
				CLANG_WARN_UNGUARDED_AVAILABILITY = YES_AGGRESSIVE;
				CLANG_WARN_UNREACHABLE_CODE = YES;
				CLANG_WARN__DUPLICATE_METHOD_MATCH = YES;
				COPY_PHASE_STRIP = NO;
				DEBUG_INFORMATION_FORMAT = dwarf;
				ENABLE_STRICT_OBJC_MSGSEND = YES;
				ENABLE_TESTABILITY = YES;
				GCC_C_LANGUAGE_STANDARD = gnu11;
				GCC_DYNAMIC_NO_PIC = NO;
				GCC_NO_COMMON_BLOCKS = YES;
				GCC_OPTIMIZATION_LEVEL = 0;
				GCC_PREPROCESSOR_DEFINITIONS = (
					"DEBUG=1",
					"$(inherited)",
				);
				GCC_WARN_64_TO_32_BIT_CONVERSION = YES;
				GCC_WARN_ABOUT_RETURN_TYPE = YES_ERROR;
				GCC_WARN_UNDECLARED_SELECTOR = YES;
				GCC_WARN_UNINITIALIZED_AUTOS = YES_AGGRESSIVE;
				GCC_WARN_UNUSED_FUNCTION = YES;
				GCC_WARN_UNUSED_VARIABLE = YES;
				IPHONEOS_DEPLOYMENT_TARGET = 13.2;
				MTL_ENABLE_DEBUG_INFO = INCLUDE_SOURCE;
				MTL_FAST_MATH = YES;
				ONLY_ACTIVE_ARCH = YES;
				SDKROOT = iphoneos;
				SWIFT_ACTIVE_COMPILATION_CONDITIONS = DEBUG;
				SWIFT_OPTIMIZATION_LEVEL = "-Onone";
			};
			name = Debug;
		};
		DA311DFC237A394F00C5733F /* Release */ = {
			isa = XCBuildConfiguration;
			buildSettings = {
				ALWAYS_SEARCH_USER_PATHS = NO;
				CLANG_ANALYZER_NONNULL = YES;
				CLANG_ANALYZER_NUMBER_OBJECT_CONVERSION = YES_AGGRESSIVE;
				CLANG_CXX_LANGUAGE_STANDARD = "gnu++14";
				CLANG_CXX_LIBRARY = "libc++";
				CLANG_ENABLE_MODULES = YES;
				CLANG_ENABLE_OBJC_ARC = YES;
				CLANG_ENABLE_OBJC_WEAK = YES;
				CLANG_WARN_BLOCK_CAPTURE_AUTORELEASING = YES;
				CLANG_WARN_BOOL_CONVERSION = YES;
				CLANG_WARN_COMMA = YES;
				CLANG_WARN_CONSTANT_CONVERSION = YES;
				CLANG_WARN_DEPRECATED_OBJC_IMPLEMENTATIONS = YES;
				CLANG_WARN_DIRECT_OBJC_ISA_USAGE = YES_ERROR;
				CLANG_WARN_DOCUMENTATION_COMMENTS = YES;
				CLANG_WARN_EMPTY_BODY = YES;
				CLANG_WARN_ENUM_CONVERSION = YES;
				CLANG_WARN_INFINITE_RECURSION = YES;
				CLANG_WARN_INT_CONVERSION = YES;
				CLANG_WARN_NON_LITERAL_NULL_CONVERSION = YES;
				CLANG_WARN_OBJC_IMPLICIT_RETAIN_SELF = YES;
				CLANG_WARN_OBJC_LITERAL_CONVERSION = YES;
				CLANG_WARN_OBJC_ROOT_CLASS = YES_ERROR;
				CLANG_WARN_RANGE_LOOP_ANALYSIS = YES;
				CLANG_WARN_STRICT_PROTOTYPES = YES;
				CLANG_WARN_SUSPICIOUS_MOVE = YES;
				CLANG_WARN_UNGUARDED_AVAILABILITY = YES_AGGRESSIVE;
				CLANG_WARN_UNREACHABLE_CODE = YES;
				CLANG_WARN__DUPLICATE_METHOD_MATCH = YES;
				COPY_PHASE_STRIP = NO;
				DEBUG_INFORMATION_FORMAT = "dwarf-with-dsym";
				ENABLE_NS_ASSERTIONS = NO;
				ENABLE_STRICT_OBJC_MSGSEND = YES;
				GCC_C_LANGUAGE_STANDARD = gnu11;
				GCC_NO_COMMON_BLOCKS = YES;
				GCC_WARN_64_TO_32_BIT_CONVERSION = YES;
				GCC_WARN_ABOUT_RETURN_TYPE = YES_ERROR;
				GCC_WARN_UNDECLARED_SELECTOR = YES;
				GCC_WARN_UNINITIALIZED_AUTOS = YES_AGGRESSIVE;
				GCC_WARN_UNUSED_FUNCTION = YES;
				GCC_WARN_UNUSED_VARIABLE = YES;
				IPHONEOS_DEPLOYMENT_TARGET = 13.2;
				MTL_ENABLE_DEBUG_INFO = NO;
				MTL_FAST_MATH = YES;
				SDKROOT = iphoneos;
				SWIFT_COMPILATION_MODE = wholemodule;
				SWIFT_OPTIMIZATION_LEVEL = "-O";
				VALIDATE_PRODUCT = YES;
			};
			name = Release;
		};
		DA311DFE237A394F00C5733F /* Debug */ = {
			isa = XCBuildConfiguration;
			baseConfigurationReference = 9E4EFFC101AD64C906FA865A /* Pods-Parstagram.debug.xcconfig */;
			buildSettings = {
				ASSETCATALOG_COMPILER_APPICON_NAME = AppIcon;
				CODE_SIGN_STYLE = Automatic;
				INFOPLIST_FILE = Parstagram/Info.plist;
				LD_RUNPATH_SEARCH_PATHS = (
					"$(inherited)",
					"@executable_path/Frameworks",
				);
				PRODUCT_BUNDLE_IDENTIFIER = cowjuary.com.Parstagram;
				PRODUCT_NAME = "$(TARGET_NAME)";
				SWIFT_VERSION = 5.0;
				TARGETED_DEVICE_FAMILY = "1,2";
			};
			name = Debug;
		};
		DA311DFF237A394F00C5733F /* Release */ = {
			isa = XCBuildConfiguration;
			baseConfigurationReference = CAD23BCEB518D502347F5C6A /* Pods-Parstagram.release.xcconfig */;
			buildSettings = {
				ASSETCATALOG_COMPILER_APPICON_NAME = AppIcon;
				CODE_SIGN_STYLE = Automatic;
				INFOPLIST_FILE = Parstagram/Info.plist;
				LD_RUNPATH_SEARCH_PATHS = (
					"$(inherited)",
					"@executable_path/Frameworks",
				);
				PRODUCT_BUNDLE_IDENTIFIER = cowjuary.com.Parstagram;
				PRODUCT_NAME = "$(TARGET_NAME)";
				SWIFT_VERSION = 5.0;
				TARGETED_DEVICE_FAMILY = "1,2";
			};
			name = Release;
		};
		DA311E01237A394F00C5733F /* Debug */ = {
			isa = XCBuildConfiguration;
			baseConfigurationReference = E171926E3AB3E68A1F3A11C0 /* Pods-ParstagramTests.debug.xcconfig */;
			buildSettings = {
				ALWAYS_EMBED_SWIFT_STANDARD_LIBRARIES = YES;
				BUNDLE_LOADER = "$(TEST_HOST)";
				CODE_SIGN_STYLE = Automatic;
				INFOPLIST_FILE = ParstagramTests/Info.plist;
				IPHONEOS_DEPLOYMENT_TARGET = 13.2;
				LD_RUNPATH_SEARCH_PATHS = (
					"$(inherited)",
					"@executable_path/Frameworks",
					"@loader_path/Frameworks",
				);
				PRODUCT_BUNDLE_IDENTIFIER = cowjuary.com.ParstagramTests;
				PRODUCT_NAME = "$(TARGET_NAME)";
				SWIFT_VERSION = 5.0;
				TARGETED_DEVICE_FAMILY = "1,2";
				TEST_HOST = "$(BUILT_PRODUCTS_DIR)/Parstagram.app/Parstagram";
			};
			name = Debug;
		};
		DA311E02237A394F00C5733F /* Release */ = {
			isa = XCBuildConfiguration;
			baseConfigurationReference = 064ECC30561A931796C1B57C /* Pods-ParstagramTests.release.xcconfig */;
			buildSettings = {
				ALWAYS_EMBED_SWIFT_STANDARD_LIBRARIES = YES;
				BUNDLE_LOADER = "$(TEST_HOST)";
				CODE_SIGN_STYLE = Automatic;
				INFOPLIST_FILE = ParstagramTests/Info.plist;
				IPHONEOS_DEPLOYMENT_TARGET = 13.2;
				LD_RUNPATH_SEARCH_PATHS = (
					"$(inherited)",
					"@executable_path/Frameworks",
					"@loader_path/Frameworks",
				);
				PRODUCT_BUNDLE_IDENTIFIER = cowjuary.com.ParstagramTests;
				PRODUCT_NAME = "$(TARGET_NAME)";
				SWIFT_VERSION = 5.0;
				TARGETED_DEVICE_FAMILY = "1,2";
				TEST_HOST = "$(BUILT_PRODUCTS_DIR)/Parstagram.app/Parstagram";
			};
			name = Release;
		};
		DA311E04237A394F00C5733F /* Debug */ = {
			isa = XCBuildConfiguration;
			baseConfigurationReference = 59F5BAAED89A3D831F40452D /* Pods-Parstagram-ParstagramUITests.debug.xcconfig */;
			buildSettings = {
				ALWAYS_EMBED_SWIFT_STANDARD_LIBRARIES = YES;
				CODE_SIGN_STYLE = Automatic;
				INFOPLIST_FILE = ParstagramUITests/Info.plist;
				LD_RUNPATH_SEARCH_PATHS = (
					"$(inherited)",
					"@executable_path/Frameworks",
					"@loader_path/Frameworks",
				);
				PRODUCT_BUNDLE_IDENTIFIER = cowjuary.com.ParstagramUITests;
				PRODUCT_NAME = "$(TARGET_NAME)";
				SWIFT_VERSION = 5.0;
				TARGETED_DEVICE_FAMILY = "1,2";
				TEST_TARGET_NAME = Parstagram;
			};
			name = Debug;
		};
		DA311E05237A394F00C5733F /* Release */ = {
			isa = XCBuildConfiguration;
			baseConfigurationReference = 1F495B3ADE4C7FCD7B1C2AC4 /* Pods-Parstagram-ParstagramUITests.release.xcconfig */;
			buildSettings = {
				ALWAYS_EMBED_SWIFT_STANDARD_LIBRARIES = YES;
				CODE_SIGN_STYLE = Automatic;
				INFOPLIST_FILE = ParstagramUITests/Info.plist;
				LD_RUNPATH_SEARCH_PATHS = (
					"$(inherited)",
					"@executable_path/Frameworks",
					"@loader_path/Frameworks",
				);
				PRODUCT_BUNDLE_IDENTIFIER = cowjuary.com.ParstagramUITests;
				PRODUCT_NAME = "$(TARGET_NAME)";
				SWIFT_VERSION = 5.0;
				TARGETED_DEVICE_FAMILY = "1,2";
				TEST_TARGET_NAME = Parstagram;
			};
			name = Release;
		};
/* End XCBuildConfiguration section */

/* Begin XCConfigurationList section */
		DA311DCE237A394C00C5733F /* Build configuration list for PBXProject "Parstagram" */ = {
			isa = XCConfigurationList;
			buildConfigurations = (
				DA311DFB237A394F00C5733F /* Debug */,
				DA311DFC237A394F00C5733F /* Release */,
			);
			defaultConfigurationIsVisible = 0;
			defaultConfigurationName = Release;
		};
		DA311DFD237A394F00C5733F /* Build configuration list for PBXNativeTarget "Parstagram" */ = {
			isa = XCConfigurationList;
			buildConfigurations = (
				DA311DFE237A394F00C5733F /* Debug */,
				DA311DFF237A394F00C5733F /* Release */,
			);
			defaultConfigurationIsVisible = 0;
			defaultConfigurationName = Release;
		};
		DA311E00237A394F00C5733F /* Build configuration list for PBXNativeTarget "ParstagramTests" */ = {
			isa = XCConfigurationList;
			buildConfigurations = (
				DA311E01237A394F00C5733F /* Debug */,
				DA311E02237A394F00C5733F /* Release */,
			);
			defaultConfigurationIsVisible = 0;
			defaultConfigurationName = Release;
		};
		DA311E03237A394F00C5733F /* Build configuration list for PBXNativeTarget "ParstagramUITests" */ = {
			isa = XCConfigurationList;
			buildConfigurations = (
				DA311E04237A394F00C5733F /* Debug */,
				DA311E05237A394F00C5733F /* Release */,
			);
			defaultConfigurationIsVisible = 0;
			defaultConfigurationName = Release;
		};
/* End XCConfigurationList section */
	};
	rootObject = DA311DCB237A394C00C5733F /* Project object */;
}
